
Microsoft Visual Studio Solution File, Format Version 12.00
# Visual Studio Version 17
VisualStudioVersion = 17.11.35219.272
MinimumVisualStudioVersion = 10.0.40219.1
Project("{FAE04EC0-301F-11D3-BF4B-00C04F79EFBC}") = "TestTaskForWork", "TestTaskForWork\TestTaskForWork.csproj", "{0F6E0DF9-B6D7-4447-B296-14A84C78159A}"
EndProject
Global
	GlobalSection(SolutionConfigurationPlatforms) = preSolution
		Debug|Any CPU = Debug|Any CPU
		Release|Any CPU = Release|Any CPU
	EndGlobalSection
	GlobalSection(ProjectConfigurationPlatforms) = postSolution
		{0F6E0DF9-B6D7-4447-B296-14A84C78159A}.Debug|Any CPU.ActiveCfg = Debug|Any CPU
		{0F6E0DF9-B6D7-4447-B296-14A84C78159A}.Debug|Any CPU.Build.0 = Debug|Any CPU
		{0F6E0DF9-B6D7-4447-B296-14A84C78159A}.Release|Any CPU.ActiveCfg = Release|Any CPU
		{0F6E0DF9-B6D7-4447-B296-14A84C78159A}.Release|Any CPU.Build.0 = Release|Any CPU
	EndGlobalSection
	GlobalSection(SolutionProperties) = preSolution
		HideSolutionNode = FALSE
	EndGlobalSection
	GlobalSection(ExtensibilityGlobals) = postSolution
		SolutionGuid = {1EA3A8BF-B78E-4EF8-A8F9-950C17DCA42A}
	EndGlobalSection
EndGlobal
